
Microsoft Visual Studio Solution File, Format Version 12.00
# Visual Studio Version 16
VisualStudioVersion = 16.0.29709.97
MinimumVisualStudioVersion = 10.0.40219.1
Project("{9A19103F-16F7-4668-BE54-9A1E7A4F7556}") = "DataImporter.ConsoleApp", "DataImporter.ConsoleApp\DataImporter.ConsoleApp.csproj", "{BDC3E80C-B43A-4A09-B856-AFC41E0349F7}"
EndProject
Project("{9A19103F-16F7-4668-BE54-9A1E7A4F7556}") = "DataImporter.Api", "DataImporter.Api\DataImporter.Api.csproj", "{A2E0316D-01E4-4D63-90A9-0E36D58097D2}"
EndProject
Project("{9A19103F-16F7-4668-BE54-9A1E7A4F7556}") = "DataImporter.Core", "DataImporter.Core\DataImporter.Core.csproj", "{46A8607C-EC4D-493F-8A6C-29C66D0D5568}"
EndProject
Project("{9A19103F-16F7-4668-BE54-9A1E7A4F7556}") = "DataImporter.Core.Tests", "DataImporter.Core.Tests\DataImporter.Core.Tests.csproj", "{6FA4CD4E-B232-4A6B-BF03-45D487C80951}"
EndProject
Project("{FAE04EC0-301F-11D3-BF4B-00C04F79EFBC}") = "DataImporter.Data", "DataImporter.Data\DataImporter.Data.csproj", "{08858A11-69DC-4A1D-9F25-8B7A63203A4D}"
EndProject
Project("{FAE04EC0-301F-11D3-BF4B-00C04F79EFBC}") = "DataImporter.ApiModels", "DataImporter.ApiModels\DataImporter.ApiModels.csproj", "{261AEC0A-6628-4F1A-B554-E11D26EC6BE8}"
EndProject
Global
	GlobalSection(SolutionConfigurationPlatforms) = preSolution
		Debug|Any CPU = Debug|Any CPU
		Release|Any CPU = Release|Any CPU
	EndGlobalSection
	GlobalSection(ProjectConfigurationPlatforms) = postSolution
		{BDC3E80C-B43A-4A09-B856-AFC41E0349F7}.Debug|Any CPU.ActiveCfg = Debug|Any CPU
		{BDC3E80C-B43A-4A09-B856-AFC41E0349F7}.Debug|Any CPU.Build.0 = Debug|Any CPU
		{BDC3E80C-B43A-4A09-B856-AFC41E0349F7}.Release|Any CPU.ActiveCfg = Release|Any CPU
		{BDC3E80C-B43A-4A09-B856-AFC41E0349F7}.Release|Any CPU.Build.0 = Release|Any CPU
		{A2E0316D-01E4-4D63-90A9-0E36D58097D2}.Debug|Any CPU.ActiveCfg = Debug|Any CPU
		{A2E0316D-01E4-4D63-90A9-0E36D58097D2}.Debug|Any CPU.Build.0 = Debug|Any CPU
		{A2E0316D-01E4-4D63-90A9-0E36D58097D2}.Release|Any CPU.ActiveCfg = Release|Any CPU
		{A2E0316D-01E4-4D63-90A9-0E36D58097D2}.Release|Any CPU.Build.0 = Release|Any CPU
		{46A8607C-EC4D-493F-8A6C-29C66D0D5568}.Debug|Any CPU.ActiveCfg = Debug|Any CPU
		{46A8607C-EC4D-493F-8A6C-29C66D0D5568}.Debug|Any CPU.Build.0 = Debug|Any CPU
		{46A8607C-EC4D-493F-8A6C-29C66D0D5568}.Release|Any CPU.ActiveCfg = Release|Any CPU
		{46A8607C-EC4D-493F-8A6C-29C66D0D5568}.Release|Any CPU.Build.0 = Release|Any CPU
		{6FA4CD4E-B232-4A6B-BF03-45D487C80951}.Debug|Any CPU.ActiveCfg = Debug|Any CPU
		{6FA4CD4E-B232-4A6B-BF03-45D487C80951}.Debug|Any CPU.Build.0 = Debug|Any CPU
		{6FA4CD4E-B232-4A6B-BF03-45D487C80951}.Release|Any CPU.ActiveCfg = Release|Any CPU
		{6FA4CD4E-B232-4A6B-BF03-45D487C80951}.Release|Any CPU.Build.0 = Release|Any CPU
		{08858A11-69DC-4A1D-9F25-8B7A63203A4D}.Debug|Any CPU.ActiveCfg = Debug|Any CPU
		{08858A11-69DC-4A1D-9F25-8B7A63203A4D}.Debug|Any CPU.Build.0 = Debug|Any CPU
		{08858A11-69DC-4A1D-9F25-8B7A63203A4D}.Release|Any CPU.ActiveCfg = Release|Any CPU
		{08858A11-69DC-4A1D-9F25-8B7A63203A4D}.Release|Any CPU.Build.0 = Release|Any CPU
		{261AEC0A-6628-4F1A-B554-E11D26EC6BE8}.Debug|Any CPU.ActiveCfg = Debug|Any CPU
		{261AEC0A-6628-4F1A-B554-E11D26EC6BE8}.Debug|Any CPU.Build.0 = Debug|Any CPU
		{261AEC0A-6628-4F1A-B554-E11D26EC6BE8}.Release|Any CPU.ActiveCfg = Release|Any CPU
		{261AEC0A-6628-4F1A-B554-E11D26EC6BE8}.Release|Any CPU.Build.0 = Release|Any CPU
	EndGlobalSection
	GlobalSection(SolutionProperties) = preSolution
		HideSolutionNode = FALSE
	EndGlobalSection
	GlobalSection(ExtensibilityGlobals) = postSolution
		SolutionGuid = {C4AC54D8-9C44-403B-8CC0-F8A6CFE5A9A9}
	EndGlobalSection
EndGlobal
